
Microsoft Visual Studio Solution File, Format Version 12.00
# Visual Studio Version 16
VisualStudioVersion = 16.0.32901.82
MinimumVisualStudioVersion = 10.0.40219.1
Project("{FAE04EC0-301F-11D3-BF4B-00C04F79EFBC}") = "ModelTestsWeb", "ModelTestsWeb.csproj", "{D4D6127D-A810-4C77-8DA4-EA6538D48421}"
EndProject
Global
	GlobalSection(SolutionConfigurationPlatforms) = preSolution
		Debug|Any CPU = Debug|Any CPU
		Release|Any CPU = Release|Any CPU
	EndGlobalSection
	GlobalSection(ProjectConfigurationPlatforms) = postSolution
		{D4D6127D-A810-4C77-8DA4-EA6538D48421}.Debug|Any CPU.ActiveCfg = Debug|Any CPU
		{D4D6127D-A810-4C77-8DA4-EA6538D48421}.Debug|Any CPU.Build.0 = Debug|Any CPU
		{D4D6127D-A810-4C77-8DA4-EA6538D48421}.Release|Any CPU.ActiveCfg = Release|Any CPU
		{D4D6127D-A810-4C77-8DA4-EA6538D48421}.Release|Any CPU.Build.0 = Release|Any CPU
	EndGlobalSection
	GlobalSection(SolutionProperties) = preSolution
		HideSolutionNode = FALSE
	EndGlobalSection
	GlobalSection(ExtensibilityGlobals) = postSolution
		SolutionGuid = {4FDE24D6-4313-483C-8597-8F1E53F026B1}
	EndGlobalSection
EndGlobal
